
Microsoft Visual Studio Solution File, Format Version 12.00
# Visual Studio Version 17
VisualStudioVersion = 17.4.33403.182
MinimumVisualStudioVersion = 10.0.40219.1
Project("{FAE04EC0-301F-11D3-BF4B-00C04F79EFBC}") = "JoyGClient", "JoyGClient\JoyGClient.csproj", "{98C43E7A-78D4-4002-9721-1D4118280795}"
EndProject
Global
	GlobalSection(SolutionConfigurationPlatforms) = preSolution
		Debug|Any CPU = Debug|Any CPU
		Release|Any CPU = Release|Any CPU
	EndGlobalSection
	GlobalSection(ProjectConfigurationPlatforms) = postSolution
		{98C43E7A-78D4-4002-9721-1D4118280795}.Debug|Any CPU.ActiveCfg = Debug|Any CPU
		{98C43E7A-78D4-4002-9721-1D4118280795}.Debug|Any CPU.Build.0 = Debug|Any CPU
		{98C43E7A-78D4-4002-9721-1D4118280795}.Release|Any CPU.ActiveCfg = Release|Any CPU
		{98C43E7A-78D4-4002-9721-1D4118280795}.Release|Any CPU.Build.0 = Release|Any CPU
	EndGlobalSection
	GlobalSection(SolutionProperties) = preSolution
		HideSolutionNode = FALSE
	EndGlobalSection
	GlobalSection(ExtensibilityGlobals) = postSolution
		SolutionGuid = {995885E8-384C-4995-B01A-1F22EF07309F}
	EndGlobalSection
EndGlobal
